
Microsoft Visual Studio Solution File, Format Version 12.00
# Visual Studio Version 16
VisualStudioVersion = 16.0.31321.278
MinimumVisualStudioVersion = 10.0.40219.1
Project("{FAE04EC0-301F-11D3-BF4B-00C04F79EFBC}") = "SafeHaven", "SafeHaven\SafeHaven.csproj", "{12A23A28-E4AC-48BA-8D06-2EE5D717C165}"
EndProject
Global
	GlobalSection(SolutionConfigurationPlatforms) = preSolution
		Debug|Any CPU = Debug|Any CPU
		Release|Any CPU = Release|Any CPU
	EndGlobalSection
	GlobalSection(ProjectConfigurationPlatforms) = postSolution
		{12A23A28-E4AC-48BA-8D06-2EE5D717C165}.Debug|Any CPU.ActiveCfg = Debug|Any CPU
		{12A23A28-E4AC-48BA-8D06-2EE5D717C165}.Debug|Any CPU.Build.0 = Debug|Any CPU
		{12A23A28-E4AC-48BA-8D06-2EE5D717C165}.Release|Any CPU.ActiveCfg = Release|Any CPU
		{12A23A28-E4AC-48BA-8D06-2EE5D717C165}.Release|Any CPU.Build.0 = Release|Any CPU
	EndGlobalSection
	GlobalSection(SolutionProperties) = preSolution
		HideSolutionNode = FALSE
	EndGlobalSection
	GlobalSection(ExtensibilityGlobals) = postSolution
		SolutionGuid = {CED0EDE9-9B36-4150-BC80-03FE2593CBB1}
	EndGlobalSection
EndGlobal
